
Microsoft Visual Studio Solution File, Format Version 12.00
# Visual Studio Version 17
VisualStudioVersion = 17.11.35222.181
MinimumVisualStudioVersion = 10.0.40219.1
Project("{FAE04EC0-301F-11D3-BF4B-00C04F79EFBC}") = "Zoo Management System", "Zoo Management System\Zoo Management System.csproj", "{BADA825E-769B-4DF1-B468-101926732EDB}"
EndProject
Global
	GlobalSection(SolutionConfigurationPlatforms) = preSolution
		Debug|Any CPU = Debug|Any CPU
		Release|Any CPU = Release|Any CPU
	EndGlobalSection
	GlobalSection(ProjectConfigurationPlatforms) = postSolution
		{BADA825E-769B-4DF1-B468-101926732EDB}.Debug|Any CPU.ActiveCfg = Debug|Any CPU
		{BADA825E-769B-4DF1-B468-101926732EDB}.Debug|Any CPU.Build.0 = Debug|Any CPU
		{BADA825E-769B-4DF1-B468-101926732EDB}.Release|Any CPU.ActiveCfg = Release|Any CPU
		{BADA825E-769B-4DF1-B468-101926732EDB}.Release|Any CPU.Build.0 = Release|Any CPU
	EndGlobalSection
	GlobalSection(SolutionProperties) = preSolution
		HideSolutionNode = FALSE
	EndGlobalSection
	GlobalSection(ExtensibilityGlobals) = postSolution
		SolutionGuid = {A4D28199-3023-469D-A271-FB8BCE61872C}
	EndGlobalSection
EndGlobal
